{
  "name": "MomentJS-Age-Clock",
  "version": "1.0.0",
  "lockfileVersion": 1,
  "requires": true,
  "dependencies": {
    "moment": {
      "version": "2.23.0",
      "resolved": "https://registry.npmjs.org/moment/-/moment-2.23.0.tgz",
      "integrity": "sha512-3IE39bHVqFbWWaPOMHZF98Q9c3LDKGTmypMiTM2QygGXXElkFWIH7GxfmlwmY2vwa+wmNsoYZmG2iusf1ZjJoA=="
    },
    "moment-precise-range-plugin": {
      "version": "1.3.0",
      "resolved": "https://registry.npmjs.org/moment-precise-range-plugin/-/moment-precise-range-plugin-1.3.0.tgz",
      "integrity": "sha1-YKwHX9/RRon20QKvdR0XGoC0q2A="
    }
  }
}
